// !$*UTF8*$!
{
	archiveVersion = 1;
	classes = {
	};
	objectVersion = 46;
	objects = {

/* Begin PBXBuildFile section */
		FC6C59C71C4B01740086E12D /* AppDelegate.swift in Sources */ = {isa = PBXBuildFile; fileRef = FC6C59C61C4B01740086E12D /* AppDelegate.swift */; };
		FC6C59C91C4B01740086E12D /* Assets.xcassets in Resources */ = {isa = PBXBuildFile; fileRef = FC6C59C81C4B01740086E12D /* Assets.xcassets */; };
		FC6C59CC1C4B01740086E12D /* MainMenu.xib in Resources */ = {isa = PBXBuildFile; fileRef = FC6C59CA1C4B01740086E12D /* MainMenu.xib */; };
/* End PBXBuildFile section */

/* Begin PBXFileReference section */
		FC6C59C31C4B01740086E12D /* MenuBarTerminal.app */ = {isa = PBXFileReference; explicitFileType = wrapper.application; includeInIndex = 0; path = MenuBarTerminal.app; sourceTree = BUILT_PRODUCTS_DIR; };
		FC6C59C61C4B01740086E12D /* AppDelegate.swift */ = {isa = PBXFileReference; lastKnownFileType = sourcecode.swift; path = AppDelegate.swift; sourceTree = "<group>"; };
		FC6C59C81C4B01740086E12D /* Assets.xcassets */ = {isa = PBXFileReference; lastKnownFileType = folder.assetcatalog; path = Assets.xcassets; sourceTree = "<group>"; };
		FC6C59CB1C4B01740086E12D /* Base */ = {isa = PBXFileReference; lastKnownFileType = file.xib; name = Base; path = Base.lproj/MainMenu.xib; sourceTree = "<group>"; };
		FC6C59CD1C4B01740086E12D /* Info.plist */ = {isa = PBXFileReference; lastKnownFileType = text.plist.xml; path = Info.plist; sourceTree = "<group>"; };
/* End PBXFileReference section */

/* Begin PBXFrameworksBuildPhase section */
		FC6C59C01C4B01740086E12D /* Frameworks */ = {
			isa = PBXFrameworksBuildPhase;
			buildActionMask = 2147483647;
			files = (
			);
			runOnlyForDeploymentPostprocessing = 0;
		};
/* End PBXFrameworksBuildPhase section */

/* Begin PBXGroup section */
		FC6C59BA1C4B01740086E12D = {
			isa = PBXGroup;
			children = (
				FC6C59C51C4B01740086E12D /* MenuBarTerminal */,
				FC6C59C41C4B01740086E12D /* Products */,
			);
			sourceTree = "<group>";
		};
		FC6C59C41C4B01740086E12D /* Products */ = {
			isa = PBXGroup;
			children = (
				FC6C59C31C4B01740086E12D /* MenuBarTerminal.app */,
			);
			name = Products;
			sourceTree = "<group>";
		};
		FC6C59C51C4B01740086E12D /* MenuBarTerminal */ = {
			isa = PBXGroup;
			children = (
				FC6C59C61C4B01740086E12D /* AppDelegate.swift */,
				FC6C59C81C4B01740086E12D /* Assets.xcassets */,
				FC6C59CA1C4B01740086E12D /* MainMenu.xib */,
				FC6C59CD1C4B01740086E12D /* Info.plist */,
			);
			path = MenuBarTerminal;
			sourceTree = "<group>";
		};
/* End PBXGroup section */

/* Begin PBXNativeTarget section */
		FC6C59C21C4B01740086E12D /* MenuBarTerminal */ = {
			isa = PBXNativeTarget;
			buildConfigurationList = FC6C59D01C4B01740086E12D /* Build configuration list for PBXNativeTarget "MenuBarTerminal" */;
			buildPhases = (
				FC6C59BF1C4B01740086E12D /* Sources */,
				FC6C59C01C4B01740086E12D /* Frameworks */,
				FC6C59C11C4B01740086E12D /* Resources */,
			);
			buildRules = (
			);
			dependencies = (
			);
			name = MenuBarTerminal;
			productName = MenuBarTerminal;
			productReference = FC6C59C31C4B01740086E12D /* MenuBarTerminal.app */;
			productType = "com.apple.product-type.application";
		};
/* End PBXNativeTarget section */

/* Begin PBXProject section */
		FC6C59BB1C4B01740086E12D /* Project object */ = {
			isa = PBXProject;
			attributes = {
				LastSwiftUpdateCheck = 0720;
				LastUpgradeCheck = 0720;
				TargetAttributes = {
					FC6C59C21C4B01740086E12D = {
						CreatedOnToolsVersion = 7.2;
					};
				};
			};
			buildConfigurationList = FC6C59BE1C4B01740086E12D /* Build configuration list for PBXProject "MenuBarTerminal" */;
			compatibilityVersion = "Xcode 3.2";
			developmentRegion = English;
			hasScannedForEncodings = 0;
			knownRegions = (
				en,
				Base,
			);
			mainGroup = FC6C59BA1C4B01740086E12D;
			productRefGroup = FC6C59C41C4B01740086E12D /* Products */;
			projectDirPath = "";
			projectRoot = "";
			targets = (
				FC6C59C21C4B01740086E12D /* MenuBarTerminal */,
			);
		};
/* End PBXProject section */

/* Begin PBXResourcesBuildPhase section */
		FC6C59C11C4B01740086E12D /* Resources */ = {
			isa = PBXResourcesBuildPhase;
			buildActionMask = 2147483647;
			files = (
				FC6C59C91C4B01740086E12D /* Assets.xcassets in Resources */,
				FC6C59CC1C4B01740086E12D /* MainMenu.xib in Resources */,
			);
			runOnlyForDeploymentPostprocessing = 0;
		};
/* End PBXResourcesBuildPhase section */

/* Begin PBXSourcesBuildPhase section */
		FC6C59BF1C4B01740086E12D /* Sources */ = {
			isa = PBXSourcesBuildPhase;
			buildActionMask = 2147483647;
			files = (
				FC6C59C71C4B01740086E12D /* AppDelegate.swift in Sources */,
			);
			runOnlyForDeploymentPostprocessing = 0;
		};
/* End PBXSourcesBuildPhase section */

/* Begin PBXVariantGroup section */
		FC6C59CA1C4B01740086E12D /* MainMenu.xib */ = {
			isa = PBXVariantGroup;
			children = (
				FC6C59CB1C4B01740086E12D /* Base */,
			);
			name = MainMenu.xib;
			sourceTree = "<group>";
		};
/* End PBXVariantGroup section */

/* Begin XCBuildConfiguration section */
		FC6C59CE1C4B01740086E12D /* Debug */ = {
			isa = XCBuildConfiguration;
			buildSettings = {
				ALWAYS_SEARCH_USER_PATHS = NO;
				CLANG_CXX_LANGUAGE_STANDARD = "gnu++0x";
				CLANG_CXX_LIBRARY = "libc++";
				CLANG_ENABLE_MODULES = YES;
				CLANG_ENABLE_OBJC_ARC = YES;
				CLANG_WARN_BOOL_CONVERSION = YES;
				CLANG_WARN_CONSTANT_CONVERSION = YES;
				CLANG_WARN_DIRECT_OBJC_ISA_USAGE = YES_ERROR;
				CLANG_WARN_EMPTY_BODY = YES;
				CLANG_WARN_ENUM_CONVERSION = YES;
				CLANG_WARN_INT_CONVERSION = YES;
				CLANG_WARN_OBJC_ROOT_CLASS = YES_ERROR;
				CLANG_WARN_UNREACHABLE_CODE = YES;
				CLANG_WARN__DUPLICATE_METHOD_MATCH = YES;
				CODE_SIGN_IDENTITY = "-";
				COPY_PHASE_STRIP = NO;
				DEBUG_INFORMATION_FORMAT = dwarf;
				ENABLE_STRICT_OBJC_MSGSEND = YES;
				ENABLE_TESTABILITY = YES;
				GCC_C_LANGUAGE_STANDARD = gnu99;
				GCC_DYNAMIC_NO_PIC = NO;
				GCC_NO_COMMON_BLOCKS = YES;
				GCC_OPTIMIZATION_LEVEL = 0;
				GCC_PREPROCESSOR_DEFINITIONS = (
					"DEBUG=1",
					"$(inherited)",
				);
				GCC_WARN_64_TO_32_BIT_CONVERSION = YES;
				GCC_WARN_ABOUT_RETURN_TYPE = YES_ERROR;
				GCC_WARN_UNDECLARED_SELECTOR = YES;
				GCC_WARN_UNINITIALIZED_AUTOS = YES_AGGRESSIVE;
				GCC_WARN_UNUSED_FUNCTION = YES;
				GCC_WARN_UNUSED_VARIABLE = YES;
				MACOSX_DEPLOYMENT_TARGET = 10.11;
				MTL_ENABLE_DEBUG_INFO = YES;
				ONLY_ACTIVE_ARCH = YES;
				SDKROOT = macosx;
				SWIFT_OPTIMIZATION_LEVEL = "-Onone";
			};
			name = Debug;
		};
		FC6C59CF1C4B01740086E12D /* Release */ = {
			isa = XCBuildConfiguration;
			buildSettings = {
				ALWAYS_SEARCH_USER_PATHS = NO;
				CLANG_CXX_LANGUAGE_STANDARD = "gnu++0x";
				CLANG_CXX_LIBRARY = "libc++";
				CLANG_ENABLE_MODULES = YES;
				CLANG_ENABLE_OBJC_ARC = YES;
				CLANG_WARN_BOOL_CONVERSION = YES;
				CLANG_WARN_CONSTANT_CONVERSION = YES;
				CLANG_WARN_DIRECT_OBJC_ISA_USAGE = YES_ERROR;
				CLANG_WARN_EMPTY_BODY = YES;
				CLANG_WARN_ENUM_CONVERSION = YES;
				CLANG_WARN_INT_CONVERSION = YES;
				CLANG_WARN_OBJC_ROOT_CLASS = YES_ERROR;
				CLANG_WARN_UNREACHABLE_CODE = YES;
				CLANG_WARN__DUPLICATE_METHOD_MATCH = YES;
				CODE_SIGN_IDENTITY = "-";
				COPY_PHASE_STRIP = NO;
				DEBUG_INFORMATION_FORMAT = "dwarf-with-dsym";
				ENABLE_NS_ASSERTIONS = NO;
				ENABLE_STRICT_OBJC_MSGSEND = YES;
				GCC_C_LANGUAGE_STANDARD = gnu99;
				GCC_NO_COMMON_BLOCKS = YES;
				GCC_WARN_64_TO_32_BIT_CONVERSION = YES;
				GCC_WARN_ABOUT_RETURN_TYPE = YES_ERROR;
				GCC_WARN_UNDECLARED_SELECTOR = YES;
				GCC_WARN_UNINITIALIZED_AUTOS = YES_AGGRESSIVE;
				GCC_WARN_UNUSED_FUNCTION = YES;
				GCC_WARN_UNUSED_VARIABLE = YES;
				MACOSX_DEPLOYMENT_TARGET = 10.11;
				MTL_ENABLE_DEBUG_INFO = NO;
				SDKROOT = macosx;
			};
			name = Release;
		};
		FC6C59D11C4B01740086E12D /* Debug */ = {
			isa = XCBuildConfiguration;
			buildSettings = {
				ASSETCATALOG_COMPILER_APPICON_NAME = AppIcon;
				COMBINE_HIDPI_IMAGES = YES;
				INFOPLIST_FILE = MenuBarTerminal/Info.plist;
				LD_RUNPATH_SEARCH_PATHS = "$(inherited) @executable_path/../Frameworks";
				PRODUCT_BUNDLE_IDENTIFIER = diclophis.MenuBarTerminal;
				PRODUCT_NAME = "$(TARGET_NAME)";
			};
			name = Debug;
		};
		FC6C59D21C4B01740086E12D /* Release */ = {
			isa = XCBuildConfiguration;
			buildSettings = {
				ASSETCATALOG_COMPILER_APPICON_NAME = AppIcon;
				COMBINE_HIDPI_IMAGES = YES;
				INFOPLIST_FILE = MenuBarTerminal/Info.plist;
				LD_RUNPATH_SEARCH_PATHS = "$(inherited) @executable_path/../Frameworks";
				PRODUCT_BUNDLE_IDENTIFIER = diclophis.MenuBarTerminal;
				PRODUCT_NAME = "$(TARGET_NAME)";
			};
			name = Release;
		};
/* End XCBuildConfiguration section */

/* Begin XCConfigurationList section */
		FC6C59BE1C4B01740086E12D /* Build configuration list for PBXProject "MenuBarTerminal" */ = {
			isa = XCConfigurationList;
			buildConfigurations = (
				FC6C59CE1C4B01740086E12D /* Debug */,
				FC6C59CF1C4B01740086E12D /* Release */,
			);
			defaultConfigurationIsVisible = 0;
			defaultConfigurationName = Release;
		};
		FC6C59D01C4B01740086E12D /* Build configuration list for PBXNativeTarget "MenuBarTerminal" */ = {
			isa = XCConfigurationList;
			buildConfigurations = (
				FC6C59D11C4B01740086E12D /* Debug */,
				FC6C59D21C4B01740086E12D /* Release */,
			);
			defaultConfigurationIsVisible = 0;
		};
/* End XCConfigurationList section */
	};
	rootObject = FC6C59BB1C4B01740086E12D /* Project object */;
}
